{
  "name": "incan-gold",
  "version": "0.0.1",
  "lockfileVersion": 2,
  "requires": true,
  "packages": {
    "": {
      "name": "incan-gold",
      "version": "0.0.1",
      "license": "ISC",
      "dependencies": {
        "pnpm": "^8.6.9"
      }
    },
    "node_modules/pnpm": {
      "version": "8.6.9",
      "resolved": "https://registry.npmjs.org/pnpm/-/pnpm-8.6.9.tgz",
      "integrity": "sha512-LPEaCGvlV4dVGeJeHqi/pCR/SETooqmScv2wcr0gTqGUebpkt1w9TIEX0awLMhLO29p7pcXfz5ZO59B70Tnc0w==",
      "bin": {
        "pnpm": "bin/pnpm.cjs",
        "pnpx": "bin/pnpx.cjs"
      },
      "engines": {
        "node": ">=16.14"
      },
      "funding": {
        "url": "https://opencollective.com/pnpm"
      }
    }
  },
  "dependencies": {
    "pnpm": {
      "version": "8.6.9",
      "resolved": "https://registry.npmjs.org/pnpm/-/pnpm-8.6.9.tgz",
      "integrity": "sha512-LPEaCGvlV4dVGeJeHqi/pCR/SETooqmScv2wcr0gTqGUebpkt1w9TIEX0awLMhLO29p7pcXfz5ZO59B70Tnc0w=="
    }
  }
}
